
Microsoft Visual Studio Solution File, Format Version 12.00
# Visual Studio Version 17
VisualStudioVersion = 17.14.37516.0 d17.14
MinimumVisualStudioVersion = 10.0.40219.1
Project("{FAE04EC0-301F-11D3-BF4B-00C04F79EFBC}") = "JS_Practice", "JS_Practice.csproj", "{0D1E60D0-DC56-4B3C-A045-8DE2CEA172D3}"
EndProject
Global
	GlobalSection(SolutionConfigurationPlatforms) = preSolution
		Debug|Any CPU = Debug|Any CPU
		Release|Any CPU = Release|Any CPU
	EndGlobalSection
	GlobalSection(ProjectConfigurationPlatforms) = postSolution
		{0D1E60D0-DC56-4B3C-A045-8DE2CEA172D3}.Debug|Any CPU.ActiveCfg = Debug|Any CPU
		{0D1E60D0-DC56-4B3C-A045-8DE2CEA172D3}.Debug|Any CPU.Build.0 = Debug|Any CPU
		{0D1E60D0-DC56-4B3C-A045-8DE2CEA172D3}.Release|Any CPU.ActiveCfg = Release|Any CPU
		{0D1E60D0-DC56-4B3C-A045-8DE2CEA172D3}.Release|Any CPU.Build.0 = Release|Any CPU
	EndGlobalSection
	GlobalSection(SolutionProperties) = preSolution
		HideSolutionNode = FALSE
	EndGlobalSection
	GlobalSection(ExtensibilityGlobals) = postSolution
		SolutionGuid = {97508D19-268B-4CD7-990C-5BDC8DC5EA9E}
	EndGlobalSection
EndGlobal
